Microsoft Visual Studio Solution File, Format Version 11.00
# Visual Studio 2010
Project("{FAE04EC0-301F-11D3-BF4B-00C04F79EFBC}") = "PieDonutChart", "PieDonutChart\PieDonutChart.csproj", "{3D25B177-C9C1-4FF0-8BDD-3265416807F0}"
EndProject
Project("{FAE04EC0-301F-11D3-BF4B-00C04F79EFBC}") = "PieDonutChart.Web", "PieDonutChart.Web\PieDonutChart.Web.csproj", "{5F7DB4E6-137C-4E77-B7F5-362F1DDF187A}"
EndProject
Global
	GlobalSection(SolutionConfigurationPlatforms) = preSolution
		Debug|Any CPU = Debug|Any CPU
		Release|Any CPU = Release|Any CPU
	EndGlobalSection
	GlobalSection(ProjectConfigurationPlatforms) = postSolution
		{3D25B177-C9C1-4FF0-8BDD-3265416807F0}.Debug|Any CPU.ActiveCfg = Debug|Any CPU
		{3D25B177-C9C1-4FF0-8BDD-3265416807F0}.Debug|Any CPU.Build.0 = Debug|Any CPU
		{3D25B177-C9C1-4FF0-8BDD-3265416807F0}.Release|Any CPU.ActiveCfg = Release|Any CPU
		{3D25B177-C9C1-4FF0-8BDD-3265416807F0}.Release|Any CPU.Build.0 = Release|Any CPU
		{5F7DB4E6-137C-4E77-B7F5-362F1DDF187A}.Debug|Any CPU.ActiveCfg = Debug|Any CPU
		{5F7DB4E6-137C-4E77-B7F5-362F1DDF187A}.Debug|Any CPU.Build.0 = Debug|Any CPU
		{5F7DB4E6-137C-4E77-B7F5-362F1DDF187A}.Release|Any CPU.ActiveCfg = Release|Any CPU
		{5F7DB4E6-137C-4E77-B7F5-362F1DDF187A}.Release|Any CPU.Build.0 = Release|Any CPU
	EndGlobalSection
	GlobalSection(SolutionProperties) = preSolution
		HideSolutionNode = FALSE
	EndGlobalSection
EndGlobal
