Microsoft Visual Studio Solution File, Format Version 11.00
# Visual Studio 2010
Project("{F184B08F-C81C-45F6-A57F-5ABD9991F28F}") = "PieDonutChart", "PieDonutChart\PieDonutChart.vbproj", "{3D25B177-C9C1-4FF0-8BDD-3265416807F0}"
EndProject
Project("{F184B08F-C81C-45F6-A57F-5ABD9991F28F}") = "PieDonutChart.Web", "PieDonutChart.Web\PieDonutChart.Web.vbproj", "{5F7DB4E6-137C-4E77-B7F5-362F1DDF187A}"
EndProject
Global
	GlobalSection(SolutionConfigurationPlatforms) = preSolution
		Debug|Any CPU = Debug|Any CPU
		Release|Any CPU = Release|Any CPU
	EndGlobalSection
	GlobalSection(ProjectConfigurationPlatforms) = postSolution
		{3D25B177-C9C1-4FF0-8BDD-3265416807F0}.Debug|Any CPU.ActiveCfg = Debug|Any CPU
		{3D25B177-C9C1-4FF0-8BDD-3265416807F0}.Debug|Any CPU.Build.0 = Debug|Any CPU
		{3D25B177-C9C1-4FF0-8BDD-3265416807F0}.Release|Any CPU.ActiveCfg = Release|Any CPU
		{3D25B177-C9C1-4FF0-8BDD-3265416807F0}.Release|Any CPU.Build.0 = Release|Any CPU
		{5F7DB4E6-137C-4E77-B7F5-362F1DDF187A}.Debug|Any CPU.ActiveCfg = Debug|Any CPU
		{5F7DB4E6-137C-4E77-B7F5-362F1DDF187A}.Debug|Any CPU.Build.0 = Debug|Any CPU
		{5F7DB4E6-137C-4E77-B7F5-362F1DDF187A}.Release|Any CPU.ActiveCfg = Release|Any CPU
		{5F7DB4E6-137C-4E77-B7F5-362F1DDF187A}.Release|Any CPU.Build.0 = Release|Any CPU
	EndGlobalSection
	GlobalSection(SolutionProperties) = preSolution
		HideSolutionNode = FALSE
	EndGlobalSection
EndGlobal
